Microsoft Visual Studio Solution File, Format Version 12.00
# Visual Studio Version 17
VisualStudioVersion = 17.5.2.0
MinimumVisualStudioVersion = 10.0.40219.1
Project("{FAE04EC0-301F-11D3-BF4B-00C04F79EFBC}") = "Bathtub", "Bathtub.csproj", "{A8438D1A-86B4-372E-CCC6-376D466F153E}"
EndProject
Global
	GlobalSection(SolutionConfigurationPlatforms) = preSolution
		Debug|Any CPU = Debug|Any CPU
		Release|Any CPU = Release|Any CPU
	EndGlobalSection
	GlobalSection(ProjectConfigurationPlatforms) = postSolution
		{A8438D1A-86B4-372E-CCC6-376D466F153E}.Debug|Any CPU.ActiveCfg = Debug|Any CPU
		{A8438D1A-86B4-372E-CCC6-376D466F153E}.Debug|Any CPU.Build.0 = Debug|Any CPU
		{A8438D1A-86B4-372E-CCC6-376D466F153E}.Release|Any CPU.ActiveCfg = Release|Any CPU
		{A8438D1A-86B4-372E-CCC6-376D466F153E}.Release|Any CPU.Build.0 = Release|Any CPU
	EndGlobalSection
	GlobalSection(SolutionProperties) = preSolution
		HideSolutionNode = FALSE
	EndGlobalSection
	GlobalSection(ExtensibilityGlobals) = postSolution
		SolutionGuid = {8A8253A3-3277-48F2-8C8C-AB74DDBE06BF}
	EndGlobalSection
EndGlobal
